// !$*UTF8*$!
{
	archiveVersion = 1;
	classes = {
	};
	objectVersion = 52;
	objects = {

/* Begin PBXBuildFile section */
		9336E346237ED77200C99251 /* LendObjectTableViewCell.swift in Sources */ = {isa = PBXBuildFile; fileRef = 9336E345237ED77200C99251 /* LendObjectTableViewCell.swift */; };
		9336E348237EE67D00C99251 /* LendObjectsTableViewController.swift in Sources */ = {isa = PBXBuildFile; fileRef = 9336E347237EE67D00C99251 /* LendObjectsTableViewController.swift */; };
		9336E34A2380461F00C99251 /* CustomNavigationController.swift in Sources */ = {isa = PBXBuildFile; fileRef = 9336E3492380461F00C99251 /* CustomNavigationController.swift */; };
		9336EBBA23780D7200AB51C0 /* AppDelegate.swift in Sources */ = {isa = PBXBuildFile; fileRef = 9336EBB923780D7200AB51C0 /* AppDelegate.swift */; };
		9336EBBC23780D7200AB51C0 /* SceneDelegate.swift in Sources */ = {isa = PBXBuildFile; fileRef = 9336EBBB23780D7200AB51C0 /* SceneDelegate.swift */; };
		9336EBC323780D7200AB51C0 /* Main.storyboard in Resources */ = {isa = PBXBuildFile; fileRef = 9336EBC123780D7200AB51C0 /* Main.storyboard */; };
		9336EBC523780D7200AB51C0 /* Assets.xcassets in Resources */ = {isa = PBXBuildFile; fileRef = 9336EBC423780D7200AB51C0 /* Assets.xcassets */; };
		9336EBC823780D7200AB51C0 /* LaunchScreen.storyboard in Resources */ = {isa = PBXBuildFile; fileRef = 9336EBC623780D7200AB51C0 /* LaunchScreen.storyboard */; };
		9336EBD623780ED200AB51C0 /* LoginObject.swift in Sources */ = {isa = PBXBuildFile; fileRef = 9336EBCF23780ED200AB51C0 /* LoginObject.swift */; };
		9336EBD823780ED200AB51C0 /* CustomTabBarController.swift in Sources */ = {isa = PBXBuildFile; fileRef = 9336EBD123780ED200AB51C0 /* CustomTabBarController.swift */; };
		9336EBD923780ED200AB51C0 /* URL+Helpers.swift in Sources */ = {isa = PBXBuildFile; fileRef = 9336EBD223780ED200AB51C0 /* URL+Helpers.swift */; };
		9336EBDA23780ED200AB51C0 /* KUIViewController.swift in Sources */ = {isa = PBXBuildFile; fileRef = 9336EBD323780ED200AB51C0 /* KUIViewController.swift */; };
		9336EBDB23780ED200AB51C0 /* LoginViewController.swift in Sources */ = {isa = PBXBuildFile; fileRef = 9336EBD423780ED200AB51C0 /* LoginViewController.swift */; };
		9336EBDC23780ED200AB51C0 /* LoginController.swift in Sources */ = {isa = PBXBuildFile; fileRef = 9336EBD523780ED200AB51C0 /* LoginController.swift */; };
		9336EBEA2378128400AB51C0 /* RxSwift in Frameworks */ = {isa = PBXBuildFile; productRef = 9336EBE92378128400AB51C0 /* RxSwift */; };
		935858EA23869E7F0052C623 /* ObjectUserOwnerView.swift in Sources */ = {isa = PBXBuildFile; fileRef = 935858E923869E7F0052C623 /* ObjectUserOwnerView.swift */; };
		935858EC2386A1D00052C623 /* ObjectUserOwnerView.xib in Resources */ = {isa = PBXBuildFile; fileRef = 935858EB2386A1D00052C623 /* ObjectUserOwnerView.xib */; };
		935858EE2386B8110052C623 /* ObjectDetailTableViewController.swift in Sources */ = {isa = PBXBuildFile; fileRef = 935858ED2386B8110052C623 /* ObjectDetailTableViewController.swift */; };
		935858F02386BE1C0052C623 /* ObjectUserOwnerTableViewCell.swift in Sources */ = {isa = PBXBuildFile; fileRef = 935858EF2386BE1C0052C623 /* ObjectUserOwnerTableViewCell.swift */; };
		9359A0952378636A00F8C028 /* UserController.swift in Sources */ = {isa = PBXBuildFile; fileRef = 9359A0942378636A00F8C028 /* UserController.swift */; };
		93899946238D9CE0004874A3 /* CreateLendObjectTableViewController.swift in Sources */ = {isa = PBXBuildFile; fileRef = 93899945238D9CE0004874A3 /* CreateLendObjectTableViewController.swift */; };
		938BD7BE23841835001C06B8 /* LendObjectView.xib in Resources */ = {isa = PBXBuildFile; fileRef = 938BD7BD23841835001C06B8 /* LendObjectView.xib */; };
		938BD7C123841A9A001C06B8 /* LendObjectView.swift in Sources */ = {isa = PBXBuildFile; fileRef = 938BD7C023841A9A001C06B8 /* LendObjectView.swift */; };
		93CD160D237B134300DFC5D7 /* User.swift in Sources */ = {isa = PBXBuildFile; fileRef = 93CD160C237B134300DFC5D7 /* User.swift */; };
		93CD160F237B140C00DFC5D7 /* LendObject.swift in Sources */ = {isa = PBXBuildFile; fileRef = 93CD160E237B140C00DFC5D7 /* LendObject.swift */; };
		93CD1611237B147A00DFC5D7 /* Request.swift in Sources */ = {isa = PBXBuildFile; fileRef = 93CD1610237B147A00DFC5D7 /* Request.swift */; };
		93CD1613237C7C2E00DFC5D7 /* ObjectUserOwner.swift in Sources */ = {isa = PBXBuildFile; fileRef = 93CD1612237C7C2E00DFC5D7 /* ObjectUserOwner.swift */; };
		93CD1616237C7CD800DFC5D7 /* LendObjectType.swift in Sources */ = {isa = PBXBuildFile; fileRef = 93CD1615237C7CD800DFC5D7 /* LendObjectType.swift */; };
		93CD161B237C838B00DFC5D7 /* LendObjectController.swift in Sources */ = {isa = PBXBuildFile; fileRef = 93CD161A237C838B00DFC5D7 /* LendObjectController.swift */; };
		93FB2EDB238590F500FE220E /* DateFormatting.swift in Sources */ = {isa = PBXBuildFile; fileRef = 93FB2EDA238590F500FE220E /* DateFormatting.swift */; };
/* End PBXBuildFile section */

/* Begin PBXFileReference section */
		9336E345237ED77200C99251 /* LendObjectTableViewCell.swift */ = {isa = PBXFileReference; lastKnownFileType = sourcecode.swift; path = LendObjectTableViewCell.swift; sourceTree = "<group>"; };
		9336E347237EE67D00C99251 /* LendObjectsTableViewController.swift */ = {isa = PBXFileReference; lastKnownFileType = sourcecode.swift; path = LendObjectsTableViewController.swift; sourceTree = "<group>"; };
		9336E3492380461F00C99251 /* CustomNavigationController.swift */ = {isa = PBXFileReference; lastKnownFileType = sourcecode.swift; path = CustomNavigationController.swift; sourceTree = "<group>"; };
		9336EBB623780D7200AB51C0 /* iShareEconomyApp.app */ = {isa = PBXFileReference; explicitFileType = wrapper.application; includeInIndex = 0; path = iShareEconomyApp.app; sourceTree = BUILT_PRODUCTS_DIR; };
		9336EBB923780D7200AB51C0 /* AppDelegate.swift */ = {isa = PBXFileReference; lastKnownFileType = sourcecode.swift; path = AppDelegate.swift; sourceTree = "<group>"; };
		9336EBBB23780D7200AB51C0 /* SceneDelegate.swift */ = {isa = PBXFileReference; lastKnownFileType = sourcecode.swift; path = SceneDelegate.swift; sourceTree = "<group>"; };
		9336EBC223780D7200AB51C0 /* Base */ = {isa = PBXFileReference; lastKnownFileType = file.storyboard; name = Base; path = Base.lproj/Main.storyboard; sourceTree = "<group>"; };
		9336EBC423780D7200AB51C0 /* Assets.xcassets */ = {isa = PBXFileReference; lastKnownFileType = folder.assetcatalog; path = Assets.xcassets; sourceTree = "<group>"; };
		9336EBC723780D7200AB51C0 /* Base */ = {isa = PBXFileReference; lastKnownFileType = file.storyboard; name = Base; path = Base.lproj/LaunchScreen.storyboard; sourceTree = "<group>"; };
		9336EBC923780D7200AB51C0 /* Info.plist */ = {isa = PBXFileReference; lastKnownFileType = text.plist.xml; path = Info.plist; sourceTree = "<group>"; };
		9336EBCF23780ED200AB51C0 /* LoginObject.swift */ = {isa = PBXFileReference; fileEncoding = 4; lastKnownFileType = sourcecode.swift; path = LoginObject.swift; sourceTree = "<group>"; };
		9336EBD123780ED200AB51C0 /* CustomTabBarController.swift */ = {isa = PBXFileReference; fileEncoding = 4; lastKnownFileType = sourcecode.swift; path = CustomTabBarController.swift; sourceTree = "<group>"; };
		9336EBD223780ED200AB51C0 /* URL+Helpers.swift */ = {isa = PBXFileReference; fileEncoding = 4; lastKnownFileType = sourcecode.swift; path = "URL+Helpers.swift"; sourceTree = "<group>"; };
		9336EBD323780ED200AB51C0 /* KUIViewController.swift */ = {isa = PBXFileReference; fileEncoding = 4; lastKnownFileType = sourcecode.swift; path = KUIViewController.swift; sourceTree = "<group>"; };
		9336EBD423780ED200AB51C0 /* LoginViewController.swift */ = {isa = PBXFileReference; fileEncoding = 4; lastKnownFileType = sourcecode.swift; path = LoginViewController.swift; sourceTree = "<group>"; };
		9336EBD523780ED200AB51C0 /* LoginController.swift */ = {isa = PBXFileReference; fileEncoding = 4; lastKnownFileType = sourcecode.swift; path = LoginController.swift; sourceTree = "<group>"; };
		935858E923869E7F0052C623 /* ObjectUserOwnerView.swift */ = {isa = PBXFileReference; lastKnownFileType = sourcecode.swift; path = ObjectUserOwnerView.swift; sourceTree = "<group>"; };
		935858EB2386A1D00052C623 /* ObjectUserOwnerView.xib */ = {isa = PBXFileReference; lastKnownFileType = file.xib; path = ObjectUserOwnerView.xib; sourceTree = "<group>"; };
		935858ED2386B8110052C623 /* ObjectDetailTableViewController.swift */ = {isa = PBXFileReference; lastKnownFileType = sourcecode.swift; path = ObjectDetailTableViewController.swift; sourceTree = "<group>"; };
		935858EF2386BE1C0052C623 /* ObjectUserOwnerTableViewCell.swift */ = {isa = PBXFileReference; lastKnownFileType = sourcecode.swift; path = ObjectUserOwnerTableViewCell.swift; sourceTree = "<group>"; };
		9359A0942378636A00F8C028 /* UserController.swift */ = {isa = PBXFileReference; lastKnownFileType = sourcecode.swift; path = UserController.swift; sourceTree = "<group>"; };
		93899945238D9CE0004874A3 /* CreateLendObjectTableViewController.swift */ = {isa = PBXFileReference; lastKnownFileType = sourcecode.swift; path = CreateLendObjectTableViewController.swift; sourceTree = "<group>"; };
		938BD7BD23841835001C06B8 /* LendObjectView.xib */ = {isa = PBXFileReference; lastKnownFileType = file.xib; path = LendObjectView.xib; sourceTree = "<group>"; };
		938BD7C023841A9A001C06B8 /* LendObjectView.swift */ = {isa = PBXFileReference; lastKnownFileType = sourcecode.swift; path = LendObjectView.swift; sourceTree = "<group>"; };
		93CD160C237B134300DFC5D7 /* User.swift */ = {isa = PBXFileReference; lastKnownFileType = sourcecode.swift; path = User.swift; sourceTree = "<group>"; };
		93CD160E237B140C00DFC5D7 /* LendObject.swift */ = {isa = PBXFileReference; lastKnownFileType = sourcecode.swift; path = LendObject.swift; sourceTree = "<group>"; };
		93CD1610237B147A00DFC5D7 /* Request.swift */ = {isa = PBXFileReference; lastKnownFileType = sourcecode.swift; path = Request.swift; sourceTree = "<group>"; };
		93CD1612237C7C2E00DFC5D7 /* ObjectUserOwner.swift */ = {isa = PBXFileReference; lastKnownFileType = sourcecode.swift; path = ObjectUserOwner.swift; sourceTree = "<group>"; };
		93CD1615237C7CD800DFC5D7 /* LendObjectType.swift */ = {isa = PBXFileReference; lastKnownFileType = sourcecode.swift; path = LendObjectType.swift; sourceTree = "<group>"; };
		93CD161A237C838B00DFC5D7 /* LendObjectController.swift */ = {isa = PBXFileReference; lastKnownFileType = sourcecode.swift; path = LendObjectController.swift; sourceTree = "<group>"; };
		93FB2EDA238590F500FE220E /* DateFormatting.swift */ = {isa = PBXFileReference; lastKnownFileType = sourcecode.swift; path = DateFormatting.swift; sourceTree = "<group>"; };
/* End PBXFileReference section */

/* Begin PBXFrameworksBuildPhase section */
		9336EBB323780D7200AB51C0 /* Frameworks */ = {
			isa = PBXFrameworksBuildPhase;
			buildActionMask = 2147483647;
			files = (
				9336EBEA2378128400AB51C0 /* RxSwift in Frameworks */,
			);
			runOnlyForDeploymentPostprocessing = 0;
		};
/* End PBXFrameworksBuildPhase section */

/* Begin PBXGroup section */
		9336EBAD23780D7200AB51C0 = {
			isa = PBXGroup;
			children = (
				9336EBB823780D7200AB51C0 /* iShareEconomyApp */,
				9336EBB723780D7200AB51C0 /* Products */,
			);
			sourceTree = "<group>";
		};
		9336EBB723780D7200AB51C0 /* Products */ = {
			isa = PBXGroup;
			children = (
				9336EBB623780D7200AB51C0 /* iShareEconomyApp.app */,
			);
			name = Products;
			sourceTree = "<group>";
		};
		9336EBB823780D7200AB51C0 /* iShareEconomyApp */ = {
			isa = PBXGroup;
			children = (
				938BD7BF23841A62001C06B8 /* Views */,
				93CD1618237C828E00DFC5D7 /* ViewControllers */,
				93CD1617237C81B600DFC5D7 /* DomainControllers */,
				93CD1619237C82BF00DFC5D7 /* Extensions */,
				9336EBB923780D7200AB51C0 /* AppDelegate.swift */,
				9336EBBB23780D7200AB51C0 /* SceneDelegate.swift */,
				9336EBC123780D7200AB51C0 /* Main.storyboard */,
				9336EBC423780D7200AB51C0 /* Assets.xcassets */,
				9336EBC623780D7200AB51C0 /* LaunchScreen.storyboard */,
				9336EBC923780D7200AB51C0 /* Info.plist */,
				93CD1614237C7C6A00DFC5D7 /* Models */,
			);
			path = iShareEconomyApp;
			sourceTree = "<group>";
		};
		935858E723869DF90052C623 /* LendObjectView */ = {
			isa = PBXGroup;
			children = (
				938BD7BD23841835001C06B8 /* LendObjectView.xib */,
				938BD7C023841A9A001C06B8 /* LendObjectView.swift */,
			);
			path = LendObjectView;
			sourceTree = "<group>";
		};
		935858E823869E070052C623 /* ObjectUserOwnerView */ = {
			isa = PBXGroup;
			children = (
				935858E923869E7F0052C623 /* ObjectUserOwnerView.swift */,
				935858EB2386A1D00052C623 /* ObjectUserOwnerView.xib */,
			);
			path = ObjectUserOwnerView;
			sourceTree = "<group>";
		};
		935858F12386C4000052C623 /* TableViewControllers */ = {
			isa = PBXGroup;
			children = (
				935858F42386C4C50052C623 /* Cells */,
				9336E347237EE67D00C99251 /* LendObjectsTableViewController.swift */,
				935858ED2386B8110052C623 /* ObjectDetailTableViewController.swift */,
				93899945238D9CE0004874A3 /* CreateLendObjectTableViewController.swift */,
			);
			path = TableViewControllers;
			sourceTree = "<group>";
		};
		935858F22386C42D0052C623 /* Controls */ = {
			isa = PBXGroup;
			children = (
				9336E3492380461F00C99251 /* CustomNavigationController.swift */,
				9336EBD123780ED200AB51C0 /* CustomTabBarController.swift */,
				9336EBD323780ED200AB51C0 /* KUIViewController.swift */,
			);
			path = Controls;
			sourceTree = "<group>";
		};
		935858F42386C4C50052C623 /* Cells */ = {
			isa = PBXGroup;
			children = (
				935858EF2386BE1C0052C623 /* ObjectUserOwnerTableViewCell.swift */,
				9336E345237ED77200C99251 /* LendObjectTableViewCell.swift */,
			);
			path = Cells;
			sourceTree = "<group>";
		};
		935858F52386C4E80052C623 /* Login */ = {
			isa = PBXGroup;
			children = (
				9336EBD423780ED200AB51C0 /* LoginViewController.swift */,
			);
			path = Login;
			sourceTree = "<group>";
		};
		938BD7BF23841A62001C06B8 /* Views */ = {
			isa = PBXGroup;
			children = (
				935858E823869E070052C623 /* ObjectUserOwnerView */,
				935858E723869DF90052C623 /* LendObjectView */,
			);
			path = Views;
			sourceTree = "<group>";
		};
		93CD1614237C7C6A00DFC5D7 /* Models */ = {
			isa = PBXGroup;
			children = (
				9336EBCF23780ED200AB51C0 /* LoginObject.swift */,
				93CD160C237B134300DFC5D7 /* User.swift */,
				93CD160E237B140C00DFC5D7 /* LendObject.swift */,
				93CD1612237C7C2E00DFC5D7 /* ObjectUserOwner.swift */,
				93CD1610237B147A00DFC5D7 /* Request.swift */,
				93CD1615237C7CD800DFC5D7 /* LendObjectType.swift */,
			);
			path = Models;
			sourceTree = "<group>";
		};
		93CD1617237C81B600DFC5D7 /* DomainControllers */ = {
			isa = PBXGroup;
			children = (
				9336EBD523780ED200AB51C0 /* LoginController.swift */,
				9359A0942378636A00F8C028 /* UserController.swift */,
				93CD161A237C838B00DFC5D7 /* LendObjectController.swift */,
			);
			path = DomainControllers;
			sourceTree = "<group>";
		};
		93CD1618237C828E00DFC5D7 /* ViewControllers */ = {
			isa = PBXGroup;
			children = (
				935858F22386C42D0052C623 /* Controls */,
				935858F12386C4000052C623 /* TableViewControllers */,
				935858F52386C4E80052C623 /* Login */,
			);
			path = ViewControllers;
			sourceTree = "<group>";
		};
		93CD1619237C82BF00DFC5D7 /* Extensions */ = {
			isa = PBXGroup;
			children = (
				9336EBD223780ED200AB51C0 /* URL+Helpers.swift */,
				93FB2EDA238590F500FE220E /* DateFormatting.swift */,
			);
			path = Extensions;
			sourceTree = "<group>";
		};
/* End PBXGroup section */

/* Begin PBXNativeTarget section */
		9336EBB523780D7200AB51C0 /* iShareEconomyApp */ = {
			isa = PBXNativeTarget;
			buildConfigurationList = 9336EBCC23780D7200AB51C0 /* Build configuration list for PBXNativeTarget "iShareEconomyApp" */;
			buildPhases = (
				9336EBB223780D7200AB51C0 /* Sources */,
				9336EBB323780D7200AB51C0 /* Frameworks */,
				9336EBB423780D7200AB51C0 /* Resources */,
			);
			buildRules = (
			);
			dependencies = (
			);
			name = iShareEconomyApp;
			packageProductDependencies = (
				9336EBE92378128400AB51C0 /* RxSwift */,
			);
			productName = iShareEconomyApp;
			productReference = 9336EBB623780D7200AB51C0 /* iShareEconomyApp.app */;
			productType = "com.apple.product-type.application";
		};
/* End PBXNativeTarget section */

/* Begin PBXProject section */
		9336EBAE23780D7200AB51C0 /* Project object */ = {
			isa = PBXProject;
			attributes = {
				LastSwiftUpdateCheck = 1110;
				LastUpgradeCheck = 1110;
				ORGANIZATIONNAME = "Hu Ocean Li";
				TargetAttributes = {
					9336EBB523780D7200AB51C0 = {
						CreatedOnToolsVersion = 11.1;
					};
				};
			};
			buildConfigurationList = 9336EBB123780D7200AB51C0 /* Build configuration list for PBXProject "iShareEconomyApp" */;
			compatibilityVersion = "Xcode 9.3";
			developmentRegion = en;
			hasScannedForEncodings = 0;
			knownRegions = (
				en,
				Base,
			);
			mainGroup = 9336EBAD23780D7200AB51C0;
			packageReferences = (
				9336EBE82378128400AB51C0 /* XCRemoteSwiftPackageReference "RxSwift" */,
			);
			productRefGroup = 9336EBB723780D7200AB51C0 /* Products */;
			projectDirPath = "";
			projectRoot = "";
			targets = (
				9336EBB523780D7200AB51C0 /* iShareEconomyApp */,
			);
		};
/* End PBXProject section */

/* Begin PBXResourcesBuildPhase section */
		9336EBB423780D7200AB51C0 /* Resources */ = {
			isa = PBXResourcesBuildPhase;
			buildActionMask = 2147483647;
			files = (
				938BD7BE23841835001C06B8 /* LendObjectView.xib in Resources */,
				9336EBC823780D7200AB51C0 /* LaunchScreen.storyboard in Resources */,
				935858EC2386A1D00052C623 /* ObjectUserOwnerView.xib in Resources */,
				9336EBC523780D7200AB51C0 /* Assets.xcassets in Resources */,
				9336EBC323780D7200AB51C0 /* Main.storyboard in Resources */,
			);
			runOnlyForDeploymentPostprocessing = 0;
		};
/* End PBXResourcesBuildPhase section */

/* Begin PBXSourcesBuildPhase section */
		9336EBB223780D7200AB51C0 /* Sources */ = {
			isa = PBXSourcesBuildPhase;
			buildActionMask = 2147483647;
			files = (
				9336EBDC23780ED200AB51C0 /* LoginController.swift in Sources */,
				93CD160D237B134300DFC5D7 /* User.swift in Sources */,
				9336EBD623780ED200AB51C0 /* LoginObject.swift in Sources */,
				93CD1613237C7C2E00DFC5D7 /* ObjectUserOwner.swift in Sources */,
				935858EA23869E7F0052C623 /* ObjectUserOwnerView.swift in Sources */,
				9336EBD823780ED200AB51C0 /* CustomTabBarController.swift in Sources */,
				9336E346237ED77200C99251 /* LendObjectTableViewCell.swift in Sources */,
				938BD7C123841A9A001C06B8 /* LendObjectView.swift in Sources */,
				9336E348237EE67D00C99251 /* LendObjectsTableViewController.swift in Sources */,
				93899946238D9CE0004874A3 /* CreateLendObjectTableViewController.swift in Sources */,
				93FB2EDB238590F500FE220E /* DateFormatting.swift in Sources */,
				9359A0952378636A00F8C028 /* UserController.swift in Sources */,
				9336E34A2380461F00C99251 /* CustomNavigationController.swift in Sources */,
				9336EBBA23780D7200AB51C0 /* AppDelegate.swift in Sources */,
				9336EBD923780ED200AB51C0 /* URL+Helpers.swift in Sources */,
				93CD160F237B140C00DFC5D7 /* LendObject.swift in Sources */,
				93CD161B237C838B00DFC5D7 /* LendObjectController.swift in Sources */,
				93CD1616237C7CD800DFC5D7 /* LendObjectType.swift in Sources */,
				9336EBDA23780ED200AB51C0 /* KUIViewController.swift in Sources */,
				93CD1611237B147A00DFC5D7 /* Request.swift in Sources */,
				9336EBDB23780ED200AB51C0 /* LoginViewController.swift in Sources */,
				935858F02386BE1C0052C623 /* ObjectUserOwnerTableViewCell.swift in Sources */,
				935858EE2386B8110052C623 /* ObjectDetailTableViewController.swift in Sources */,
				9336EBBC23780D7200AB51C0 /* SceneDelegate.swift in Sources */,
			);
			runOnlyForDeploymentPostprocessing = 0;
		};
/* End PBXSourcesBuildPhase section */

/* Begin PBXVariantGroup section */
		9336EBC123780D7200AB51C0 /* Main.storyboard */ = {
			isa = PBXVariantGroup;
			children = (
				9336EBC223780D7200AB51C0 /* Base */,
			);
			name = Main.storyboard;
			sourceTree = "<group>";
		};
		9336EBC623780D7200AB51C0 /* LaunchScreen.storyboard */ = {
			isa = PBXVariantGroup;
			children = (
				9336EBC723780D7200AB51C0 /* Base */,
			);
			name = LaunchScreen.storyboard;
			sourceTree = "<group>";
		};
/* End PBXVariantGroup section */

/* Begin XCBuildConfiguration section */
		9336EBCA23780D7200AB51C0 /* Debug */ = {
			isa = XCBuildConfiguration;
			buildSettings = {
				ALWAYS_SEARCH_USER_PATHS = NO;
				CLANG_ANALYZER_NONNULL = YES;
				CLANG_ANALYZER_NUMBER_OBJECT_CONVERSION = YES_AGGRESSIVE;
				CLANG_CXX_LANGUAGE_STANDARD = "gnu++14";
				CLANG_CXX_LIBRARY = "libc++";
				CLANG_ENABLE_MODULES = YES;
				CLANG_ENABLE_OBJC_ARC = YES;
				CLANG_ENABLE_OBJC_WEAK = YES;
				CLANG_WARN_BLOCK_CAPTURE_AUTORELEASING = YES;
				CLANG_WARN_BOOL_CONVERSION = YES;
				CLANG_WARN_COMMA = YES;
				CLANG_WARN_CONSTANT_CONVERSION = YES;
				CLANG_WARN_DEPRECATED_OBJC_IMPLEMENTATIONS = YES;
				CLANG_WARN_DIRECT_OBJC_ISA_USAGE = YES_ERROR;
				CLANG_WARN_DOCUMENTATION_COMMENTS = YES;
				CLANG_WARN_EMPTY_BODY = YES;
				CLANG_WARN_ENUM_CONVERSION = YES;
				CLANG_WARN_INFINITE_RECURSION = YES;
				CLANG_WARN_INT_CONVERSION = YES;
				CLANG_WARN_NON_LITERAL_NULL_CONVERSION = YES;
				CLANG_WARN_OBJC_IMPLICIT_RETAIN_SELF = YES;
				CLANG_WARN_OBJC_LITERAL_CONVERSION = YES;
				CLANG_WARN_OBJC_ROOT_CLASS = YES_ERROR;
				CLANG_WARN_RANGE_LOOP_ANALYSIS = YES;
				CLANG_WARN_STRICT_PROTOTYPES = YES;
				CLANG_WARN_SUSPICIOUS_MOVE = YES;
				CLANG_WARN_UNGUARDED_AVAILABILITY = YES_AGGRESSIVE;
				CLANG_WARN_UNREACHABLE_CODE = YES;
				CLANG_WARN__DUPLICATE_METHOD_MATCH = YES;
				COPY_PHASE_STRIP = NO;
				DEBUG_INFORMATION_FORMAT = dwarf;
				ENABLE_STRICT_OBJC_MSGSEND = YES;
				ENABLE_TESTABILITY = YES;
				GCC_C_LANGUAGE_STANDARD = gnu11;
				GCC_DYNAMIC_NO_PIC = NO;
				GCC_NO_COMMON_BLOCKS = YES;
				GCC_OPTIMIZATION_LEVEL = 0;
				GCC_PREPROCESSOR_DEFINITIONS = (
					"DEBUG=1",
					"$(inherited)",
				);
				GCC_WARN_64_TO_32_BIT_CONVERSION = YES;
				GCC_WARN_ABOUT_RETURN_TYPE = YES_ERROR;
				GCC_WARN_UNDECLARED_SELECTOR = YES;
				GCC_WARN_UNINITIALIZED_AUTOS = YES_AGGRESSIVE;
				GCC_WARN_UNUSED_FUNCTION = YES;
				GCC_WARN_UNUSED_VARIABLE = YES;
				IPHONEOS_DEPLOYMENT_TARGET = 13.1;
				MTL_ENABLE_DEBUG_INFO = INCLUDE_SOURCE;
				MTL_FAST_MATH = YES;
				ONLY_ACTIVE_ARCH = YES;
				SDKROOT = iphoneos;
				SWIFT_ACTIVE_COMPILATION_CONDITIONS = DEBUG;
				SWIFT_OPTIMIZATION_LEVEL = "-Onone";
			};
			name = Debug;
		};
		9336EBCB23780D7200AB51C0 /* Release */ = {
			isa = XCBuildConfiguration;
			buildSettings = {
				ALWAYS_SEARCH_USER_PATHS = NO;
				CLANG_ANALYZER_NONNULL = YES;
				CLANG_ANALYZER_NUMBER_OBJECT_CONVERSION = YES_AGGRESSIVE;
				CLANG_CXX_LANGUAGE_STANDARD = "gnu++14";
				CLANG_CXX_LIBRARY = "libc++";
				CLANG_ENABLE_MODULES = YES;
				CLANG_ENABLE_OBJC_ARC = YES;
				CLANG_ENABLE_OBJC_WEAK = YES;
				CLANG_WARN_BLOCK_CAPTURE_AUTORELEASING = YES;
				CLANG_WARN_BOOL_CONVERSION = YES;
				CLANG_WARN_COMMA = YES;
				CLANG_WARN_CONSTANT_CONVERSION = YES;
				CLANG_WARN_DEPRECATED_OBJC_IMPLEMENTATIONS = YES;
				CLANG_WARN_DIRECT_OBJC_ISA_USAGE = YES_ERROR;
				CLANG_WARN_DOCUMENTATION_COMMENTS = YES;
				CLANG_WARN_EMPTY_BODY = YES;
				CLANG_WARN_ENUM_CONVERSION = YES;
				CLANG_WARN_INFINITE_RECURSION = YES;
				CLANG_WARN_INT_CONVERSION = YES;
				CLANG_WARN_NON_LITERAL_NULL_CONVERSION = YES;
				CLANG_WARN_OBJC_IMPLICIT_RETAIN_SELF = YES;
				CLANG_WARN_OBJC_LITERAL_CONVERSION = YES;
				CLANG_WARN_OBJC_ROOT_CLASS = YES_ERROR;
				CLANG_WARN_RANGE_LOOP_ANALYSIS = YES;
				CLANG_WARN_STRICT_PROTOTYPES = YES;
				CLANG_WARN_SUSPICIOUS_MOVE = YES;
				CLANG_WARN_UNGUARDED_AVAILABILITY = YES_AGGRESSIVE;
				CLANG_WARN_UNREACHABLE_CODE = YES;
				CLANG_WARN__DUPLICATE_METHOD_MATCH = YES;
				COPY_PHASE_STRIP = NO;
				DEBUG_INFORMATION_FORMAT = "dwarf-with-dsym";
				ENABLE_NS_ASSERTIONS = NO;
				ENABLE_STRICT_OBJC_MSGSEND = YES;
				GCC_C_LANGUAGE_STANDARD = gnu11;
				GCC_NO_COMMON_BLOCKS = YES;
				GCC_WARN_64_TO_32_BIT_CONVERSION = YES;
				GCC_WARN_ABOUT_RETURN_TYPE = YES_ERROR;
				GCC_WARN_UNDECLARED_SELECTOR = YES;
				GCC_WARN_UNINITIALIZED_AUTOS = YES_AGGRESSIVE;
				GCC_WARN_UNUSED_FUNCTION = YES;
				GCC_WARN_UNUSED_VARIABLE = YES;
				IPHONEOS_DEPLOYMENT_TARGET = 13.1;
				MTL_ENABLE_DEBUG_INFO = NO;
				MTL_FAST_MATH = YES;
				SDKROOT = iphoneos;
				SWIFT_COMPILATION_MODE = wholemodule;
				SWIFT_OPTIMIZATION_LEVEL = "-O";
				VALIDATE_PRODUCT = YES;
			};
			name = Release;
		};
		9336EBCD23780D7200AB51C0 /* Debug */ = {
			isa = XCBuildConfiguration;
			buildSettings = {
				ASSETCATALOG_COMPILER_APPICON_NAME = AppIcon;
				CODE_SIGN_STYLE = Automatic;
				DEVELOPMENT_TEAM = LHN5W7D88B;
				INFOPLIST_FILE = iShareEconomyApp/Info.plist;
				LD_RUNPATH_SEARCH_PATHS = (
					"$(inherited)",
					"@executable_path/Frameworks",
				);
				PRODUCT_BUNDLE_IDENTIFIER = example.iShareEconomyApp;
				PRODUCT_NAME = "$(TARGET_NAME)";
				SWIFT_VERSION = 5.0;
				TARGETED_DEVICE_FAMILY = "1,2";
			};
			name = Debug;
		};
		9336EBCE23780D7200AB51C0 /* Release */ = {
			isa = XCBuildConfiguration;
			buildSettings = {
				ASSETCATALOG_COMPILER_APPICON_NAME = AppIcon;
				CODE_SIGN_STYLE = Automatic;
				DEVELOPMENT_TEAM = LHN5W7D88B;
				INFOPLIST_FILE = iShareEconomyApp/Info.plist;
				LD_RUNPATH_SEARCH_PATHS = (
					"$(inherited)",
					"@executable_path/Frameworks",
				);
				PRODUCT_BUNDLE_IDENTIFIER = example.iShareEconomyApp;
				PRODUCT_NAME = "$(TARGET_NAME)";
				SWIFT_VERSION = 5.0;
				TARGETED_DEVICE_FAMILY = "1,2";
			};
			name = Release;
		};
/* End XCBuildConfiguration section */

/* Begin XCConfigurationList section */
		9336EBB123780D7200AB51C0 /* Build configuration list for PBXProject "iShareEconomyApp" */ = {
			isa = XCConfigurationList;
			buildConfigurations = (
				9336EBCA23780D7200AB51C0 /* Debug */,
				9336EBCB23780D7200AB51C0 /* Release */,
			);
			defaultConfigurationIsVisible = 0;
			defaultConfigurationName = Release;
		};
		9336EBCC23780D7200AB51C0 /* Build configuration list for PBXNativeTarget "iShareEconomyApp" */ = {
			isa = XCConfigurationList;
			buildConfigurations = (
				9336EBCD23780D7200AB51C0 /* Debug */,
				9336EBCE23780D7200AB51C0 /* Release */,
			);
			defaultConfigurationIsVisible = 0;
			defaultConfigurationName = Release;
		};
/* End XCConfigurationList section */

/* Begin XCRemoteSwiftPackageReference section */
		9336EBE82378128400AB51C0 /* XCRemoteSwiftPackageReference "RxSwift" */ = {
			isa = XCRemoteSwiftPackageReference;
			repositoryURL = "https://github.com/ReactiveX/RxSwift";
			requirement = {
				kind = upToNextMajorVersion;
				minimumVersion = 5.0.1;
			};
		};
/* End XCRemoteSwiftPackageReference section */

/* Begin XCSwiftPackageProductDependency section */
		9336EBE92378128400AB51C0 /* RxSwift */ = {
			isa = XCSwiftPackageProductDependency;
			package = 9336EBE82378128400AB51C0 /* XCRemoteSwiftPackageReference "RxSwift" */;
			productName = RxSwift;
		};
/* End XCSwiftPackageProductDependency section */
	};
	rootObject = 9336EBAE23780D7200AB51C0 /* Project object */;
}
